
Microsoft Visual Studio Solution File, Format Version 12.00
# Visual Studio Version 16
VisualStudioVersion = 16.0.32602.291
MinimumVisualStudioVersion = 10.0.40219.1
Project("{8BC9CEB8-8B4A-11D0-8D11-00A0C91BC942}") = "LightPool", "LightPool.vcxproj", "{8247AE2F-081F-4D46-9AB6-45F5223DD6FC}"
EndProject
Global
	GlobalSection(SolutionConfigurationPlatforms) = preSolution
		Debug|x64 = Debug|x64
		Debug|x86 = Debug|x86
		Release|x64 = Release|x64
		Release|x86 = Release|x86
	EndGlobalSection
	GlobalSection(ProjectConfigurationPlatforms) = postSolution
		{8247AE2F-081F-4D46-9AB6-45F5223DD6FC}.Debug|x64.ActiveCfg = Debug|x64
		{8247AE2F-081F-4D46-9AB6-45F5223DD6FC}.Debug|x64.Build.0 = Debug|x64
		{8247AE2F-081F-4D46-9AB6-45F5223DD6FC}.Debug|x86.ActiveCfg = Debug|Win32
		{8247AE2F-081F-4D46-9AB6-45F5223DD6FC}.Debug|x86.Build.0 = Debug|Win32
		{8247AE2F-081F-4D46-9AB6-45F5223DD6FC}.Release|x64.ActiveCfg = Release|x64
		{8247AE2F-081F-4D46-9AB6-45F5223DD6FC}.Release|x64.Build.0 = Release|x64
		{8247AE2F-081F-4D46-9AB6-45F5223DD6FC}.Release|x86.ActiveCfg = Release|Win32
		{8247AE2F-081F-4D46-9AB6-45F5223DD6FC}.Release|x86.Build.0 = Release|Win32
	EndGlobalSection
	GlobalSection(SolutionProperties) = preSolution
		HideSolutionNode = FALSE
	EndGlobalSection
	GlobalSection(ExtensibilityGlobals) = postSolution
		SolutionGuid = {25FB97C0-92C2-40EF-B489-9A2D8664FC66}
	EndGlobalSection
EndGlobal
