
Microsoft Visual Studio Solution File, Format Version 12.00
# Visual Studio Version 16
VisualStudioVersion = 16.0.32630.194
MinimumVisualStudioVersion = 10.0.40219.1
Project("{8BC9CEB8-8B4A-11D0-8D11-00A0C91BC942}") = "LightPool", "LightPool.vcxproj", "{EBCC1A70-166C-4C06-AC2A-FA23036365B2}"
EndProject
Global
	GlobalSection(SolutionConfigurationPlatforms) = preSolution
		Debug|x64 = Debug|x64
		Debug|x86 = Debug|x86
		Release|x64 = Release|x64
		Release|x86 = Release|x86
	EndGlobalSection
	GlobalSection(ProjectConfigurationPlatforms) = postSolution
		{EBCC1A70-166C-4C06-AC2A-FA23036365B2}.Debug|x64.ActiveCfg = Debug|x64
		{EBCC1A70-166C-4C06-AC2A-FA23036365B2}.Debug|x64.Build.0 = Debug|x64
		{EBCC1A70-166C-4C06-AC2A-FA23036365B2}.Debug|x86.ActiveCfg = Debug|Win32
		{EBCC1A70-166C-4C06-AC2A-FA23036365B2}.Debug|x86.Build.0 = Debug|Win32
		{EBCC1A70-166C-4C06-AC2A-FA23036365B2}.Release|x64.ActiveCfg = Release|x64
		{EBCC1A70-166C-4C06-AC2A-FA23036365B2}.Release|x64.Build.0 = Release|x64
		{EBCC1A70-166C-4C06-AC2A-FA23036365B2}.Release|x86.ActiveCfg = Release|Win32
		{EBCC1A70-166C-4C06-AC2A-FA23036365B2}.Release|x86.Build.0 = Release|Win32
	EndGlobalSection
	GlobalSection(SolutionProperties) = preSolution
		HideSolutionNode = FALSE
	EndGlobalSection
	GlobalSection(ExtensibilityGlobals) = postSolution
		SolutionGuid = {9F640E70-DA8C-4AC1-A675-528A6B8A7015}
	EndGlobalSection
EndGlobal
